
Microsoft Visual Studio Solution File, Format Version 12.00
# Visual Studio Version 16
VisualStudioVersion = 16.0.29613.14
MinimumVisualStudioVersion = 10.0.40219.1
Project("{FAE04EC0-301F-11D3-BF4B-00C04F79EFBC}") = "Addressbook_Web_Tests", "addressbook-web-tests\Addressbook_Web_Tests.csproj", "{B7481A5D-8EDA-4765-B3E6-E3DC46322C26}"
EndProject
Global
	GlobalSection(SolutionConfigurationPlatforms) = preSolution
		Debug|Any CPU = Debug|Any CPU
		Debug|x64 = Debug|x64
		Release|Any CPU = Release|Any CPU
		Release|x64 = Release|x64
	EndGlobalSection
	GlobalSection(ProjectConfigurationPlatforms) = postSolution
		{B7481A5D-8EDA-4765-B3E6-E3DC46322C26}.Debug|Any CPU.ActiveCfg = Debug|Any CPU
		{B7481A5D-8EDA-4765-B3E6-E3DC46322C26}.Debug|Any CPU.Build.0 = Debug|Any CPU
		{B7481A5D-8EDA-4765-B3E6-E3DC46322C26}.Debug|x64.ActiveCfg = Debug|x64
		{B7481A5D-8EDA-4765-B3E6-E3DC46322C26}.Debug|x64.Build.0 = Debug|x64
		{B7481A5D-8EDA-4765-B3E6-E3DC46322C26}.Release|Any CPU.ActiveCfg = Release|Any CPU
		{B7481A5D-8EDA-4765-B3E6-E3DC46322C26}.Release|Any CPU.Build.0 = Release|Any CPU
		{B7481A5D-8EDA-4765-B3E6-E3DC46322C26}.Release|x64.ActiveCfg = Release|x64
		{B7481A5D-8EDA-4765-B3E6-E3DC46322C26}.Release|x64.Build.0 = Release|x64
	EndGlobalSection
	GlobalSection(SolutionProperties) = preSolution
		HideSolutionNode = FALSE
	EndGlobalSection
	GlobalSection(ExtensibilityGlobals) = postSolution
		SolutionGuid = {5A211147-0DE5-44A1-8FAA-6FBEBC53CDEB}
	EndGlobalSection
EndGlobal
